
Microsoft Visual Studio Solution File, Format Version 11.00
# XPIStudio Solution File, Format Version 11.00
Project("{0923A81A-DF4D-40B2-8C31-E36CAF3F67B4}") = "lijunjun_v1", "lijunjun_v1\lijunjun_v1.mgxpiproj", "{995E71C1-D754-4827-855A-812804699949}"
EndProject
Global
	GlobalSection(SolutionConfigurationPlatforms) = preSolution
		Debug|x86 = Debug|x86
		Release|x86 = Release|x86
	EndGlobalSection
	GlobalSection(ProjectConfigurationPlatforms) = postSolution
		{995E71C1-D754-4827-855A-812804699949}.Debug|x86.ActiveCfg = Debug|x86
		{995E71C1-D754-4827-855A-812804699949}.Debug|x86.Build.0 = Debug|x86
		{995E71C1-D754-4827-855A-812804699949}.Release|x86.ActiveCfg = Release|x86
		{995E71C1-D754-4827-855A-812804699949}.Release|x86.Build.0 = Release|x86
	EndGlobalSection
	GlobalSection(SolutionProperties) = preSolution
		HideSolutionNode = FALSE
	EndGlobalSection
EndGlobal
